
Microsoft Visual Studio Solution File, Format Version 12.00
# Visual Studio Version 17
VisualStudioVersion = 17.0.31903.59
MinimumVisualStudioVersion = 10.0.40219.1
Project("{FAE04EC0-301F-11D3-BF4B-00C04F79EFBC}") = "StevesBot.Worker", "StevesBot.Worker\StevesBot.Worker.csproj", "{C45EE62D-8222-46D7-B4FF-22B155B17561}"
EndProject
Project("{FAE04EC0-301F-11D3-BF4B-00C04F79EFBC}") = "StevesBot.Worker.Tests", "StevesBot.Worker.Tests\StevesBot.Worker.Tests.csproj", "{FFB90DB8-1B9A-47E3-8252-746F1445CA02}"
EndProject
Global
	GlobalSection(SolutionConfigurationPlatforms) = preSolution
		Debug|Any CPU = Debug|Any CPU
		Debug|x64 = Debug|x64
		Debug|x86 = Debug|x86
		Release|Any CPU = Release|Any CPU
		Release|x64 = Release|x64
		Release|x86 = Release|x86
	EndGlobalSection
	GlobalSection(ProjectConfigurationPlatforms) = postSolution
		{C45EE62D-8222-46D7-B4FF-22B155B17561}.Debug|Any CPU.ActiveCfg = Debug|Any CPU
		{C45EE62D-8222-46D7-B4FF-22B155B17561}.Debug|Any CPU.Build.0 = Debug|Any CPU
		{C45EE62D-8222-46D7-B4FF-22B155B17561}.Debug|x64.ActiveCfg = Debug|Any CPU
		{C45EE62D-8222-46D7-B4FF-22B155B17561}.Debug|x64.Build.0 = Debug|Any CPU
		{C45EE62D-8222-46D7-B4FF-22B155B17561}.Debug|x86.ActiveCfg = Debug|Any CPU
		{C45EE62D-8222-46D7-B4FF-22B155B17561}.Debug|x86.Build.0 = Debug|Any CPU
		{C45EE62D-8222-46D7-B4FF-22B155B17561}.Release|Any CPU.ActiveCfg = Release|Any CPU
		{C45EE62D-8222-46D7-B4FF-22B155B17561}.Release|Any CPU.Build.0 = Release|Any CPU
		{C45EE62D-8222-46D7-B4FF-22B155B17561}.Release|x64.ActiveCfg = Release|Any CPU
		{C45EE62D-8222-46D7-B4FF-22B155B17561}.Release|x64.Build.0 = Release|Any CPU
		{C45EE62D-8222-46D7-B4FF-22B155B17561}.Release|x86.ActiveCfg = Release|Any CPU
		{C45EE62D-8222-46D7-B4FF-22B155B17561}.Release|x86.Build.0 = Release|Any CPU
		{FFB90DB8-1B9A-47E3-8252-746F1445CA02}.Debug|Any CPU.ActiveCfg = Debug|Any CPU
		{FFB90DB8-1B9A-47E3-8252-746F1445CA02}.Debug|Any CPU.Build.0 = Debug|Any CPU
		{FFB90DB8-1B9A-47E3-8252-746F1445CA02}.Debug|x64.ActiveCfg = Debug|Any CPU
		{FFB90DB8-1B9A-47E3-8252-746F1445CA02}.Debug|x64.Build.0 = Debug|Any CPU
		{FFB90DB8-1B9A-47E3-8252-746F1445CA02}.Debug|x86.ActiveCfg = Debug|Any CPU
		{FFB90DB8-1B9A-47E3-8252-746F1445CA02}.Debug|x86.Build.0 = Debug|Any CPU
		{FFB90DB8-1B9A-47E3-8252-746F1445CA02}.Release|Any CPU.ActiveCfg = Release|Any CPU
		{FFB90DB8-1B9A-47E3-8252-746F1445CA02}.Release|Any CPU.Build.0 = Release|Any CPU
		{FFB90DB8-1B9A-47E3-8252-746F1445CA02}.Release|x64.ActiveCfg = Release|Any CPU
		{FFB90DB8-1B9A-47E3-8252-746F1445CA02}.Release|x64.Build.0 = Release|Any CPU
		{FFB90DB8-1B9A-47E3-8252-746F1445CA02}.Release|x86.ActiveCfg = Release|Any CPU
		{FFB90DB8-1B9A-47E3-8252-746F1445CA02}.Release|x86.Build.0 = Release|Any CPU
	EndGlobalSection
	GlobalSection(SolutionProperties) = preSolution
		HideSolutionNode = FALSE
	EndGlobalSection
EndGlobal
