
Microsoft Visual Studio Solution File, Format Version 12.00
# Visual Studio Version 17
VisualStudioVersion = 17.0.31903.59
MinimumVisualStudioVersion = 10.0.40219.1
Project("{2150E333-8FDC-42A3-9474-1A3956D46DE8}") = "src", "src", "{827E0CD3-B72D-47B6-A68D-7590B98EB39B}"
EndProject
Project("{FAE04EC0-301F-11D3-BF4B-00C04F79EFBC}") = "StevesBot.Worker", "src\StevesBot.Worker\StevesBot.Worker.csproj", "{51B85887-7083-47A0-B83F-4E1561B14AA9}"
EndProject
Project("{FAE04EC0-301F-11D3-BF4B-00C04F79EFBC}") = "StevesBot.Webhook", "src\StevesBot.Webhook\StevesBot.Webhook.csproj", "{7C243CA8-55A0-4D73-9FF6-F5E801B7146D}"
EndProject
Project("{2150E333-8FDC-42A3-9474-1A3956D46DE8}") = "tests", "tests", "{0AB3BF05-4346-4AA6-1389-037BE0695223}"
EndProject
Project("{FAE04EC0-301F-11D3-BF4B-00C04F79EFBC}") = "StevesBot.Worker.Tests", "tests\StevesBot.Worker.Tests\StevesBot.Worker.Tests.csproj", "{388EAD53-CCA4-4532-8DEC-5E9177776117}"
EndProject
Project("{FAE04EC0-301F-11D3-BF4B-00C04F79EFBC}") = "StevesBot.Webhook.Tests", "tests\StevesBot.Webhook.Tests\StevesBot.Webhook.Tests.csproj", "{3875E45D-8400-46D9-89CE-485BADED0736}"
EndProject
Project("{FAE04EC0-301F-11D3-BF4B-00C04F79EFBC}") = "StevesBot.Library", "src\StevesBot.Library\StevesBot.Library.csproj", "{07B3FA35-02B7-46E6-BEDC-D64C5D0FBE81}"
EndProject
Project("{FAE04EC0-301F-11D3-BF4B-00C04F79EFBC}") = "StevesBot.Library.Tests", "tests\StevesBot.Library.Tests\StevesBot.Library.Tests.csproj", "{F67829A2-3600-4DD9-B324-18DDF4A0809B}"
EndProject
Global
	GlobalSection(SolutionConfigurationPlatforms) = preSolution
		Debug|Any CPU = Debug|Any CPU
		Debug|x64 = Debug|x64
		Debug|x86 = Debug|x86
		Release|Any CPU = Release|Any CPU
		Release|x64 = Release|x64
		Release|x86 = Release|x86
	EndGlobalSection
	GlobalSection(ProjectConfigurationPlatforms) = postSolution
		{51B85887-7083-47A0-B83F-4E1561B14AA9}.Debug|Any CPU.ActiveCfg = Debug|Any CPU
		{51B85887-7083-47A0-B83F-4E1561B14AA9}.Debug|Any CPU.Build.0 = Debug|Any CPU
		{51B85887-7083-47A0-B83F-4E1561B14AA9}.Debug|x64.ActiveCfg = Debug|Any CPU
		{51B85887-7083-47A0-B83F-4E1561B14AA9}.Debug|x64.Build.0 = Debug|Any CPU
		{51B85887-7083-47A0-B83F-4E1561B14AA9}.Debug|x86.ActiveCfg = Debug|Any CPU
		{51B85887-7083-47A0-B83F-4E1561B14AA9}.Debug|x86.Build.0 = Debug|Any CPU
		{51B85887-7083-47A0-B83F-4E1561B14AA9}.Release|Any CPU.ActiveCfg = Release|Any CPU
		{51B85887-7083-47A0-B83F-4E1561B14AA9}.Release|Any CPU.Build.0 = Release|Any CPU
		{51B85887-7083-47A0-B83F-4E1561B14AA9}.Release|x64.ActiveCfg = Release|Any CPU
		{51B85887-7083-47A0-B83F-4E1561B14AA9}.Release|x64.Build.0 = Release|Any CPU
		{51B85887-7083-47A0-B83F-4E1561B14AA9}.Release|x86.ActiveCfg = Release|Any CPU
		{51B85887-7083-47A0-B83F-4E1561B14AA9}.Release|x86.Build.0 = Release|Any CPU
		{7C243CA8-55A0-4D73-9FF6-F5E801B7146D}.Debug|Any CPU.ActiveCfg = Debug|Any CPU
		{7C243CA8-55A0-4D73-9FF6-F5E801B7146D}.Debug|Any CPU.Build.0 = Debug|Any CPU
		{7C243CA8-55A0-4D73-9FF6-F5E801B7146D}.Debug|x64.ActiveCfg = Debug|Any CPU
		{7C243CA8-55A0-4D73-9FF6-F5E801B7146D}.Debug|x64.Build.0 = Debug|Any CPU
		{7C243CA8-55A0-4D73-9FF6-F5E801B7146D}.Debug|x86.ActiveCfg = Debug|Any CPU
		{7C243CA8-55A0-4D73-9FF6-F5E801B7146D}.Debug|x86.Build.0 = Debug|Any CPU
		{7C243CA8-55A0-4D73-9FF6-F5E801B7146D}.Release|Any CPU.ActiveCfg = Release|Any CPU
		{7C243CA8-55A0-4D73-9FF6-F5E801B7146D}.Release|Any CPU.Build.0 = Release|Any CPU
		{7C243CA8-55A0-4D73-9FF6-F5E801B7146D}.Release|x64.ActiveCfg = Release|Any CPU
		{7C243CA8-55A0-4D73-9FF6-F5E801B7146D}.Release|x64.Build.0 = Release|Any CPU
		{7C243CA8-55A0-4D73-9FF6-F5E801B7146D}.Release|x86.ActiveCfg = Release|Any CPU
		{7C243CA8-55A0-4D73-9FF6-F5E801B7146D}.Release|x86.Build.0 = Release|Any CPU
		{388EAD53-CCA4-4532-8DEC-5E9177776117}.Debug|Any CPU.ActiveCfg = Debug|Any CPU
		{388EAD53-CCA4-4532-8DEC-5E9177776117}.Debug|Any CPU.Build.0 = Debug|Any CPU
		{388EAD53-CCA4-4532-8DEC-5E9177776117}.Debug|x64.ActiveCfg = Debug|Any CPU
		{388EAD53-CCA4-4532-8DEC-5E9177776117}.Debug|x64.Build.0 = Debug|Any CPU
		{388EAD53-CCA4-4532-8DEC-5E9177776117}.Debug|x86.ActiveCfg = Debug|Any CPU
		{388EAD53-CCA4-4532-8DEC-5E9177776117}.Debug|x86.Build.0 = Debug|Any CPU
		{388EAD53-CCA4-4532-8DEC-5E9177776117}.Release|Any CPU.ActiveCfg = Release|Any CPU
		{388EAD53-CCA4-4532-8DEC-5E9177776117}.Release|Any CPU.Build.0 = Release|Any CPU
		{388EAD53-CCA4-4532-8DEC-5E9177776117}.Release|x64.ActiveCfg = Release|Any CPU
		{388EAD53-CCA4-4532-8DEC-5E9177776117}.Release|x64.Build.0 = Release|Any CPU
		{388EAD53-CCA4-4532-8DEC-5E9177776117}.Release|x86.ActiveCfg = Release|Any CPU
		{388EAD53-CCA4-4532-8DEC-5E9177776117}.Release|x86.Build.0 = Release|Any CPU
		{3875E45D-8400-46D9-89CE-485BADED0736}.Debug|Any CPU.ActiveCfg = Debug|Any CPU
		{3875E45D-8400-46D9-89CE-485BADED0736}.Debug|Any CPU.Build.0 = Debug|Any CPU
		{3875E45D-8400-46D9-89CE-485BADED0736}.Debug|x64.ActiveCfg = Debug|Any CPU
		{3875E45D-8400-46D9-89CE-485BADED0736}.Debug|x64.Build.0 = Debug|Any CPU
		{3875E45D-8400-46D9-89CE-485BADED0736}.Debug|x86.ActiveCfg = Debug|Any CPU
		{3875E45D-8400-46D9-89CE-485BADED0736}.Debug|x86.Build.0 = Debug|Any CPU
		{3875E45D-8400-46D9-89CE-485BADED0736}.Release|Any CPU.ActiveCfg = Release|Any CPU
		{3875E45D-8400-46D9-89CE-485BADED0736}.Release|Any CPU.Build.0 = Release|Any CPU
		{3875E45D-8400-46D9-89CE-485BADED0736}.Release|x64.ActiveCfg = Release|Any CPU
		{3875E45D-8400-46D9-89CE-485BADED0736}.Release|x64.Build.0 = Release|Any CPU
		{3875E45D-8400-46D9-89CE-485BADED0736}.Release|x86.ActiveCfg = Release|Any CPU
		{3875E45D-8400-46D9-89CE-485BADED0736}.Release|x86.Build.0 = Release|Any CPU
		{07B3FA35-02B7-46E6-BEDC-D64C5D0FBE81}.Debug|Any CPU.ActiveCfg = Debug|Any CPU
		{07B3FA35-02B7-46E6-BEDC-D64C5D0FBE81}.Debug|Any CPU.Build.0 = Debug|Any CPU
		{07B3FA35-02B7-46E6-BEDC-D64C5D0FBE81}.Debug|x64.ActiveCfg = Debug|Any CPU
		{07B3FA35-02B7-46E6-BEDC-D64C5D0FBE81}.Debug|x64.Build.0 = Debug|Any CPU
		{07B3FA35-02B7-46E6-BEDC-D64C5D0FBE81}.Debug|x86.ActiveCfg = Debug|Any CPU
		{07B3FA35-02B7-46E6-BEDC-D64C5D0FBE81}.Debug|x86.Build.0 = Debug|Any CPU
		{07B3FA35-02B7-46E6-BEDC-D64C5D0FBE81}.Release|Any CPU.ActiveCfg = Release|Any CPU
		{07B3FA35-02B7-46E6-BEDC-D64C5D0FBE81}.Release|Any CPU.Build.0 = Release|Any CPU
		{07B3FA35-02B7-46E6-BEDC-D64C5D0FBE81}.Release|x64.ActiveCfg = Release|Any CPU
		{07B3FA35-02B7-46E6-BEDC-D64C5D0FBE81}.Release|x64.Build.0 = Release|Any CPU
		{07B3FA35-02B7-46E6-BEDC-D64C5D0FBE81}.Release|x86.ActiveCfg = Release|Any CPU
		{07B3FA35-02B7-46E6-BEDC-D64C5D0FBE81}.Release|x86.Build.0 = Release|Any CPU
		{F67829A2-3600-4DD9-B324-18DDF4A0809B}.Debug|Any CPU.ActiveCfg = Debug|Any CPU
		{F67829A2-3600-4DD9-B324-18DDF4A0809B}.Debug|Any CPU.Build.0 = Debug|Any CPU
		{F67829A2-3600-4DD9-B324-18DDF4A0809B}.Debug|x64.ActiveCfg = Debug|Any CPU
		{F67829A2-3600-4DD9-B324-18DDF4A0809B}.Debug|x64.Build.0 = Debug|Any CPU
		{F67829A2-3600-4DD9-B324-18DDF4A0809B}.Debug|x86.ActiveCfg = Debug|Any CPU
		{F67829A2-3600-4DD9-B324-18DDF4A0809B}.Debug|x86.Build.0 = Debug|Any CPU
		{F67829A2-3600-4DD9-B324-18DDF4A0809B}.Release|Any CPU.ActiveCfg = Release|Any CPU
		{F67829A2-3600-4DD9-B324-18DDF4A0809B}.Release|Any CPU.Build.0 = Release|Any CPU
		{F67829A2-3600-4DD9-B324-18DDF4A0809B}.Release|x64.ActiveCfg = Release|Any CPU
		{F67829A2-3600-4DD9-B324-18DDF4A0809B}.Release|x64.Build.0 = Release|Any CPU
		{F67829A2-3600-4DD9-B324-18DDF4A0809B}.Release|x86.ActiveCfg = Release|Any CPU
		{F67829A2-3600-4DD9-B324-18DDF4A0809B}.Release|x86.Build.0 = Release|Any CPU
	EndGlobalSection
	GlobalSection(SolutionProperties) = preSolution
		HideSolutionNode = FALSE
	EndGlobalSection
	GlobalSection(NestedProjects) = preSolution
		{51B85887-7083-47A0-B83F-4E1561B14AA9} = {827E0CD3-B72D-47B6-A68D-7590B98EB39B}
		{7C243CA8-55A0-4D73-9FF6-F5E801B7146D} = {827E0CD3-B72D-47B6-A68D-7590B98EB39B}
		{388EAD53-CCA4-4532-8DEC-5E9177776117} = {0AB3BF05-4346-4AA6-1389-037BE0695223}
		{3875E45D-8400-46D9-89CE-485BADED0736} = {0AB3BF05-4346-4AA6-1389-037BE0695223}
		{07B3FA35-02B7-46E6-BEDC-D64C5D0FBE81} = {827E0CD3-B72D-47B6-A68D-7590B98EB39B}
		{F67829A2-3600-4DD9-B324-18DDF4A0809B} = {0AB3BF05-4346-4AA6-1389-037BE0695223}
	EndGlobalSection
EndGlobal
